
Microsoft Visual Studio Solution File, Format Version 12.00
# Visual Studio Version 17
VisualStudioVersion = 17.4.33122.133
MinimumVisualStudioVersion = 10.0.40219.1
Project("{FAE04EC0-301F-11D3-BF4B-00C04F79EFBC}") = "CouponApi", "CouponApi\CouponApi.csproj", "{5B99D3C8-5D26-4956-9AAD-1AAA77681407}"
EndProject
Global
	GlobalSection(SolutionConfigurationPlatforms) = preSolution
		Debug|Any CPU = Debug|Any CPU
		Release|Any CPU = Release|Any CPU
	EndGlobalSection
	GlobalSection(ProjectConfigurationPlatforms) = postSolution
		{5B99D3C8-5D26-4956-9AAD-1AAA77681407}.Debug|Any CPU.ActiveCfg = Debug|Any CPU
		{5B99D3C8-5D26-4956-9AAD-1AAA77681407}.Debug|Any CPU.Build.0 = Debug|Any CPU
		{5B99D3C8-5D26-4956-9AAD-1AAA77681407}.Release|Any CPU.ActiveCfg = Release|Any CPU
		{5B99D3C8-5D26-4956-9AAD-1AAA77681407}.Release|Any CPU.Build.0 = Release|Any CPU
	EndGlobalSection
	GlobalSection(SolutionProperties) = preSolution
		HideSolutionNode = FALSE
	EndGlobalSection
	GlobalSection(ExtensibilityGlobals) = postSolution
		SolutionGuid = {D52E6A73-316D-4380-BB08-1AE40F705895}
	EndGlobalSection
EndGlobal
